Microsoft Visual Studio Solution File, Format Version 12.00
# Visual Studio Version 16
VisualStudioVersion = 16.0.30105.148
MinimumVisualStudioVersion = 10.0.40219.1
Project("{2150E333-8FDC-42A3-9474-1A3956D46DE8}") = "library-source", "library-source", "{091BBE05-2D4B-4477-B9BC-CE48735AC69C}"
EndProject
Project("{FAE04EC0-301F-11D3-BF4B-00C04F79EFBC}") = "HolisticWare.Core.Math.Discrete.GraphTheory", "..\..\..\source\HolisticWare.Core.Math.Discrete.GraphTheory\HolisticWare.Core.Math.Discrete.GraphTheory.csproj", "{16E3A3B5-2107-4906-BE5D-0013E9A8E26B}"
EndProject
Project("{D954291E-2A0B-460D-934E-DC6B0785DB48}") = "HolisticWare.Core.Math.Discrete.GraphTheory.shared", "..\..\..\source\HolisticWare.Core.Math.Discrete.GraphTheory.shared\HolisticWare.Core.Math.Discrete.GraphTheory.shared.shproj", "{C0839C83-7725-420D-B39A-6B5E5FBF7162}"
EndProject
Project("{2150E333-8FDC-42A3-9474-1A3956D46DE8}") = "externals-submodules", "externals-submodules", "{30A628E5-ADE2-4A34-A646-B4E2161E10CD}"
EndProject
Project("{FAE04EC0-301F-11D3-BF4B-00C04F79EFBC}") = "HolisticWare.Core.Math.Matrix.netstandard10", "..\..\..\externals-submodules\Core.Math.Matrix\source\HolisticWare.Core.Math.Matrix.netstandard10\HolisticWare.Core.Math.Matrix.netstandard10.csproj", "{54234615-0F70-491E-B019-FF9323C39D08}"
EndProject
Project("{2150E333-8FDC-42A3-9474-1A3956D46DE8}") = "Core.Math.Matrix", "Core.Math.Matrix", "{34E8C691-B5E6-4BB0-827D-3B50AD7BC2E7}"
EndProject
Project("{2150E333-8FDC-42A3-9474-1A3956D46DE8}") = "samples", "samples", "{96BEE6BE-6B80-499D-98B6-90D55B703EC7}"
EndProject
Project("{2150E333-8FDC-42A3-9474-1A3956D46DE8}") = "tests", "tests", "{5AFCBEF8-B5DA-4DE4-9765-C4F62B610AD9}"
EndProject
Project("{D954291E-2A0B-460D-934E-DC6B0785DB48}") = "Tests.CommonShared", "..\..\Tests.CommonShared\Tests.CommonShared.shproj", "{13AB4AD2-D077-48E0-B6F2-791BC25EB413}"
EndProject
Project("{FAE04EC0-301F-11D3-BF4B-00C04F79EFBC}") = "UnitTests.XUnit", "UnitTests.XUnit\UnitTests.XUnit.csproj", "{F2BCDE15-79B6-42F4-A701-E095613B7FAA}"
EndProject
Project("{FAE04EC0-301F-11D3-BF4B-00C04F79EFBC}") = "UnitTests.NUnit", "UnitTests.NUnit\UnitTests.NUnit.csproj", "{F0613DA5-CCF8-4BF1-9920-0F3794821295}"
EndProject
Project("{FAE04EC0-301F-11D3-BF4B-00C04F79EFBC}") = "UnitTests.MSTest", "UnitTests.MSTest\UnitTests.MSTest.csproj", "{FC314283-240A-4559-9CC7-346F5DF9D784}"
EndProject
Project("{D954291E-2A0B-460D-934E-DC6B0785DB48}") = "UnitTests.Common.Utils.Shared", "..\UnitTests.Common.Utils.Shared\UnitTests.Common.Utils.Shared.shproj", "{E390F6DA-9F4B-43A4-8ABF-F9434DF2C70D}"
EndProject
Global
	GlobalSection(NestedProjects) = preSolution
		{16E3A3B5-2107-4906-BE5D-0013E9A8E26B} = {091BBE05-2D4B-4477-B9BC-CE48735AC69C}
		{C0839C83-7725-420D-B39A-6B5E5FBF7162} = {091BBE05-2D4B-4477-B9BC-CE48735AC69C}
		{34E8C691-B5E6-4BB0-827D-3B50AD7BC2E7} = {30A628E5-ADE2-4A34-A646-B4E2161E10CD}
		{54234615-0F70-491E-B019-FF9323C39D08} = {34E8C691-B5E6-4BB0-827D-3B50AD7BC2E7}
		{13AB4AD2-D077-48E0-B6F2-791BC25EB413} = {5AFCBEF8-B5DA-4DE4-9765-C4F62B610AD9}
		{F2BCDE15-79B6-42F4-A701-E095613B7FAA} = {5AFCBEF8-B5DA-4DE4-9765-C4F62B610AD9}
		{F0613DA5-CCF8-4BF1-9920-0F3794821295} = {5AFCBEF8-B5DA-4DE4-9765-C4F62B610AD9}
		{FC314283-240A-4559-9CC7-346F5DF9D784} = {5AFCBEF8-B5DA-4DE4-9765-C4F62B610AD9}
		{E390F6DA-9F4B-43A4-8ABF-F9434DF2C70D} = {5AFCBEF8-B5DA-4DE4-9765-C4F62B610AD9}
	EndGlobalSection
	GlobalSection(ProjectConfigurationPlatforms) = postSolution
		{16E3A3B5-2107-4906-BE5D-0013E9A8E26B}.Debug|Any CPU.ActiveCfg = Debug|Any CPU
		{16E3A3B5-2107-4906-BE5D-0013E9A8E26B}.Debug|Any CPU.Build.0 = Debug|Any CPU
		{54234615-0F70-491E-B019-FF9323C39D08}.Debug|Any CPU.ActiveCfg = Debug|Any CPU
		{54234615-0F70-491E-B019-FF9323C39D08}.Debug|Any CPU.Build.0 = Debug|Any CPU
		{F2BCDE15-79B6-42F4-A701-E095613B7FAA}.Debug|Any CPU.ActiveCfg = Debug|Any CPU
		{F2BCDE15-79B6-42F4-A701-E095613B7FAA}.Debug|Any CPU.Build.0 = Debug|Any CPU
		{F0613DA5-CCF8-4BF1-9920-0F3794821295}.Debug|Any CPU.ActiveCfg = Debug|Any CPU
		{F0613DA5-CCF8-4BF1-9920-0F3794821295}.Debug|Any CPU.Build.0 = Debug|Any CPU
		{FC314283-240A-4559-9CC7-346F5DF9D784}.Debug|Any CPU.ActiveCfg = Debug|Any CPU
		{FC314283-240A-4559-9CC7-346F5DF9D784}.Debug|Any CPU.Build.0 = Debug|Any CPU
	EndGlobalSection
	GlobalSection(SolutionConfigurationPlatforms) = preSolution
		Debug|Any CPU = Debug|Any CPU
	EndGlobalSection
EndGlobal
